
Microsoft Visual Studio Solution File, Format Version 12.00
# Visual Studio Version 17
VisualStudioVersion = 17.11.35222.181
MinimumVisualStudioVersion = 10.0.40219.1
Project("{FAE04EC0-301F-11D3-BF4B-00C04F79EFBC}") = "ApiKaratePro", "ApiKaratePro.csproj", "{72617323-E513-4D4F-BF32-F7F309C79BB7}"
EndProject
Global
	GlobalSection(SolutionConfigurationPlatforms) = preSolution
		Debug|Any CPU = Debug|Any CPU
		Release|Any CPU = Release|Any CPU
	EndGlobalSection
	GlobalSection(ProjectConfigurationPlatforms) = postSolution
		{72617323-E513-4D4F-BF32-F7F309C79BB7}.Debug|Any CPU.ActiveCfg = Debug|Any CPU
		{72617323-E513-4D4F-BF32-F7F309C79BB7}.Debug|Any CPU.Build.0 = Debug|Any CPU
		{72617323-E513-4D4F-BF32-F7F309C79BB7}.Release|Any CPU.ActiveCfg = Release|Any CPU
		{72617323-E513-4D4F-BF32-F7F309C79BB7}.Release|Any CPU.Build.0 = Release|Any CPU
	EndGlobalSection
	GlobalSection(SolutionProperties) = preSolution
		HideSolutionNode = FALSE
	EndGlobalSection
	GlobalSection(ExtensibilityGlobals) = postSolution
		SolutionGuid = {874E0494-6897-4D55-8F30-6C1CB6551D72}
	EndGlobalSection
EndGlobal
